{
  "version": 4,
  "terraform_version": "1.5.3",
  "serial": 73,
  "lineage": "dc42321c-dd97-0236-2588-78d29a545e31",
  "outputs": {},
  "resources": [
    {
      "mode": "data",
      "type": "aws_iam_policy_document",
      "name": "sagemaker_deployment_policy",
      "provider": "provider[\"registry.terraform.io/hashicorp/aws\"]",
      "instances": [
        {
          "schema_version": 0,
          "attributes": {
            "id": "426683225",
            "json": "{\n  \"Version\": \"2012-10-17\",\n  \"Statement\": [\n    {\n      \"Effect\": \"Allow\",\n      \"Action\": [\n        \"sagemaker:UpdateEndpointWeightsAndCapacities\",\n        \"sagemaker:UpdateEndpoint\",\n        \"sagemaker:DescribeEndpointConfig\",\n        \"sagemaker:DescribeEndpoint\",\n        \"sagemaker:DeleteEndpointConfig\",\n        \"sagemaker:DeleteEndpoint\",\n        \"sagemaker:CreateEndpointConfig\",\n        \"sagemaker:CreateEndpoint\"\n      ],\n      \"Resource\": \"arn:aws:sagemaker:*:*:*/*\"\n    },\n    {\n      \"Effect\": \"Allow\",\n      \"Action\": [\n        \"sagemaker:ListEndpoints\",\n        \"sagemaker:ListEndpointConfigs\"\n      ],\n      \"Resource\": \"*\"\n    }\n  ]\n}",
            "override_policy_documents": null,
            "policy_id": null,
            "source_policy_documents": null,
            "statement": [
              {
                "actions": [
                  "sagemaker:CreateEndpoint",
                  "sagemaker:CreateEndpointConfig",
                  "sagemaker:DeleteEndpoint",
                  "sagemaker:DeleteEndpointConfig",
                  "sagemaker:DescribeEndpoint",
                  "sagemaker:DescribeEndpointConfig",
                  "sagemaker:UpdateEndpoint",
                  "sagemaker:UpdateEndpointWeightsAndCapacities"
                ],
                "condition": [],
                "effect": "Allow",
                "not_actions": [],
                "not_principals": [],
                "not_resources": [],
                "principals": [],
                "resources": [
                  "arn:aws:sagemaker:*:*:*/*"
                ],
                "sid": ""
              },
              {
                "actions": [
                  "sagemaker:ListEndpointConfigs",
                  "sagemaker:ListEndpoints"
                ],
                "condition": [],
                "effect": "Allow",
                "not_actions": [],
                "not_principals": [],
                "not_resources": [],
                "principals": [],
                "resources": [
                  "*"
                ],
                "sid": ""
              }
            ],
            "version": "2012-10-17"
          },
          "sensitive_attributes": []
        }
      ]
    },
    {
      "mode": "data",
      "type": "aws_iam_policy_document",
      "name": "sagemaker_model_management_policy",
      "provider": "provider[\"registry.terraform.io/hashicorp/aws\"]",
      "instances": [
        {
          "schema_version": 0,
          "attributes": {
            "id": "536389026",
            "json": "{\n  \"Version\": \"2012-10-17\",\n  \"Statement\": [\n    {\n      \"Effect\": \"Allow\",\n      \"Action\": [\n        \"sagemaker:UpdateModelPackage\",\n        \"sagemaker:DescribeModelPackageGroup\",\n        \"sagemaker:DescribeModelPackage\",\n        \"sagemaker:DescribeModel\",\n        \"sagemaker:DeleteModelPackageGroup\",\n        \"sagemaker:DeleteModelPackage\",\n        \"sagemaker:DeleteModel\",\n        \"sagemaker:CreateModelPackageGroup\",\n        \"sagemaker:CreateModelPackage\",\n        \"sagemaker:CreateModel\",\n        \"sagemaker:BatchDescribeModelPackage\"\n      ],\n      \"Resource\": \"arn:aws:sagemaker:*:*:*/*\"\n    },\n    {\n      \"Effect\": \"Allow\",\n      \"Action\": [\n        \"sagemaker:ListModels\",\n        \"sagemaker:ListModelPackages\",\n        \"sagemaker:ListModelPackageGroups\"\n      ],\n      \"Resource\": \"*\"\n    },\n    {\n      \"Effect\": \"Allow\",\n      \"Action\": \"iam:PassRole\",\n      \"Resource\": \"arn:aws:iam::373770620841:role/SageMaker-MLOsEngineer\",\n      \"Condition\": {\n        \"StringEquals\": {\n          \"iam:PassedToService\": \"sagemaker.amazonaws.com\"\n        }\n      }\n    }\n  ]\n}",
            "override_policy_documents": null,
            "policy_id": null,
            "source_policy_documents": null,
            "statement": [
              {
                "actions": [
                  "sagemaker:BatchDescribeModelPackage",
                  "sagemaker:CreateModel",
                  "sagemaker:CreateModelPackage",
                  "sagemaker:CreateModelPackageGroup",
                  "sagemaker:DeleteModel",
                  "sagemaker:DeleteModelPackage",
                  "sagemaker:DeleteModelPackageGroup",
                  "sagemaker:DescribeModel",
                  "sagemaker:DescribeModelPackage",
                  "sagemaker:DescribeModelPackageGroup",
                  "sagemaker:UpdateModelPackage"
                ],
                "condition": [],
                "effect": "Allow",
                "not_actions": [],
                "not_principals": [],
                "not_resources": [],
                "principals": [],
                "resources": [
                  "arn:aws:sagemaker:*:*:*/*"
                ],
                "sid": ""
              },
              {
                "actions": [
                  "sagemaker:ListModelPackageGroups",
                  "sagemaker:ListModelPackages",
                  "sagemaker:ListModels"
                ],
                "condition": [],
                "effect": "Allow",
                "not_actions": [],
                "not_principals": [],
                "not_resources": [],
                "principals": [],
                "resources": [
                  "*"
                ],
                "sid": ""
              },
              {
                "actions": [
                  "iam:PassRole"
                ],
                "condition": [
                  {
                    "test": "StringEquals",
                    "values": [
                      "sagemaker.amazonaws.com"
                    ],
                    "variable": "iam:PassedToService"
                  }
                ],
                "effect": "Allow",
                "not_actions": [],
                "not_principals": [],
                "not_resources": [],
                "principals": [],
                "resources": [
                  "arn:aws:iam::373770620841:role/SageMaker-MLOsEngineer"
                ],
                "sid": ""
              }
            ],
            "version": "2012-10-17"
          },
          "sensitive_attributes": []
        }
      ]
    },
    {
      "mode": "data",
      "type": "aws_iam_policy_document",
      "name": "sagemaker_pipeline_management_policy",
      "provider": "provider[\"registry.terraform.io/hashicorp/aws\"]",
      "instances": [
        {
          "schema_version": 0,
          "attributes": {
            "id": "1312791692",
            "json": "{\n  \"Version\": \"2012-10-17\",\n  \"Statement\": [\n    {\n      \"Effect\": \"Allow\",\n      \"Action\": [\n        \"sagemaker:UpdatePipelineExecution\",\n        \"sagemaker:StopPipelineExecution\",\n        \"sagemaker:StartPipelineExecution\",\n        \"sagemaker:SendPipelineExecutionStepSuccess\",\n        \"sagemaker:SendPipelineExecutionStepFailure\",\n        \"sagemaker:RetryPipelineExecution\",\n        \"sagemaker:DescribePipelineExecution\",\n        \"sagemaker:DescribePipelineDefinitionForExecution\",\n        \"sagemaker:DescribePipeline\",\n        \"sagemaker:DeletePipeline\",\n        \"sagemaker:CreatePipeline\"\n      ],\n      \"Resource\": \"arn:aws:sagemaker:*:*:*/*\"\n    },\n    {\n      \"Effect\": \"Allow\",\n      \"Action\": [\n        \"sagemaker:ListPipelines\",\n        \"sagemaker:ListPipelineParametersForExecution\",\n        \"sagemaker:ListPipelineExecutions\",\n        \"sagemaker:ListPipelineExecutionSteps\"\n      ],\n      \"Resource\": \"*\"\n    },\n    {\n      \"Effect\": \"Allow\",\n      \"Action\": \"iam:PassRole\",\n      \"Resource\": \"arn:aws:iam::373770620841:role/SageMaker-MLOsEngineer\",\n      \"Condition\": {\n        \"StringEquals\": {\n          \"iam:PassedToService\": \"sagemaker.amazonaws.com\"\n        }\n      }\n    }\n  ]\n}",
            "override_policy_documents": null,
            "policy_id": null,
            "source_policy_documents": null,
            "statement": [
              {
                "actions": [
                  "sagemaker:CreatePipeline",
                  "sagemaker:DeletePipeline",
                  "sagemaker:DescribePipeline",
                  "sagemaker:DescribePipelineDefinitionForExecution",
                  "sagemaker:DescribePipelineExecution",
                  "sagemaker:RetryPipelineExecution",
                  "sagemaker:SendPipelineExecutionStepFailure",
                  "sagemaker:SendPipelineExecutionStepSuccess",
                  "sagemaker:StartPipelineExecution",
                  "sagemaker:StopPipelineExecution",
                  "sagemaker:UpdatePipelineExecution"
                ],
                "condition": [],
                "effect": "Allow",
                "not_actions": [],
                "not_principals": [],
                "not_resources": [],
                "principals": [],
                "resources": [
                  "arn:aws:sagemaker:*:*:*/*"
                ],
                "sid": ""
              },
              {
                "actions": [
                  "sagemaker:ListPipelineExecutionSteps",
                  "sagemaker:ListPipelineExecutions",
                  "sagemaker:ListPipelineParametersForExecution",
                  "sagemaker:ListPipelines"
                ],
                "condition": [],
                "effect": "Allow",
                "not_actions": [],
                "not_principals": [],
                "not_resources": [],
                "principals": [],
                "resources": [
                  "*"
                ],
                "sid": ""
              },
              {
                "actions": [
                  "iam:PassRole"
                ],
                "condition": [
                  {
                    "test": "StringEquals",
                    "values": [
                      "sagemaker.amazonaws.com"
                    ],
                    "variable": "iam:PassedToService"
                  }
                ],
                "effect": "Allow",
                "not_actions": [],
                "not_principals": [],
                "not_resources": [],
                "principals": [],
                "resources": [
                  "arn:aws:iam::373770620841:role/SageMaker-MLOsEngineer"
                ],
                "sid": ""
              }
            ],
            "version": "2012-10-17"
          },
          "sensitive_attributes": []
        }
      ]
    },
    {
      "mode": "data",
      "type": "aws_iam_policy_document",
      "name": "sagemaker_visualization_policy",
      "provider": "provider[\"registry.terraform.io/hashicorp/aws\"]",
      "instances": [
        {
          "schema_version": 0,
          "attributes": {
            "id": "662490704",
            "json": "{\n  \"Version\": \"2012-10-17\",\n  \"Statement\": [\n    {\n      \"Effect\": \"Allow\",\n      \"Action\": [\n        \"sagemaker:DescribeTrialComponent\",\n        \"sagemaker:DescribeTrial\",\n        \"sagemaker:DescribeLineageGroup\",\n        \"sagemaker:DescribeExperiment\",\n        \"sagemaker:DescribeContext\",\n        \"sagemaker:DescribeArtifact\",\n        \"sagemaker:DescribeAction\"\n      ],\n      \"Resource\": \"arn:aws:sagemaker:*:*:*/*\"\n    },\n    {\n      \"Effect\": \"Allow\",\n      \"Action\": [\n        \"sagemaker:Search\",\n        \"sagemaker:QueryLineage\",\n        \"sagemaker:ListTrials\",\n        \"sagemaker:ListTrialComponents\",\n        \"sagemaker:ListLineageGroups\",\n        \"sagemaker:ListExperiments\",\n        \"sagemaker:ListContexts\",\n        \"sagemaker:ListAssociations\",\n        \"sagemaker:ListArtifacts\",\n        \"sagemaker:ListActions\",\n        \"sagemaker:GetSearchSuggestions\",\n        \"sagemaker:GetLineageGroupPolicy\"\n      ],\n      \"Resource\": \"*\"\n    }\n  ]\n}",
            "override_policy_documents": null,
            "policy_id": null,
            "source_policy_documents": null,
            "statement": [
              {
                "actions": [
                  "sagemaker:DescribeAction",
                  "sagemaker:DescribeArtifact",
                  "sagemaker:DescribeContext",
                  "sagemaker:DescribeExperiment",
                  "sagemaker:DescribeLineageGroup",
                  "sagemaker:DescribeTrial",
                  "sagemaker:DescribeTrialComponent"
                ],
                "condition": [],
                "effect": "Allow",
                "not_actions": [],
                "not_principals": [],
                "not_resources": [],
                "principals": [],
                "resources": [
                  "arn:aws:sagemaker:*:*:*/*"
                ],
                "sid": ""
              },
              {
                "actions": [
                  "sagemaker:GetLineageGroupPolicy",
                  "sagemaker:GetSearchSuggestions",
                  "sagemaker:ListActions",
                  "sagemaker:ListArtifacts",
                  "sagemaker:ListAssociations",
                  "sagemaker:ListContexts",
                  "sagemaker:ListExperiments",
                  "sagemaker:ListLineageGroups",
                  "sagemaker:ListTrialComponents",
                  "sagemaker:ListTrials",
                  "sagemaker:QueryLineage",
                  "sagemaker:Search"
                ],
                "condition": [],
                "effect": "Allow",
                "not_actions": [],
                "not_principals": [],
                "not_resources": [],
                "principals": [],
                "resources": [
                  "*"
                ],
                "sid": ""
              }
            ],
            "version": "2012-10-17"
          },
          "sensitive_attributes": []
        }
      ]
    },
    {
      "mode": "managed",
      "type": "aws_ecr_repository",
      "name": "chatgptdetector_inference",
      "provider": "provider[\"registry.terraform.io/hashicorp/aws\"]",
      "instances": [
        {
          "schema_version": 0,
          "attributes": {
            "arn": "arn:aws:ecr:ap-southeast-2:373770620841:repository/chatgptdetector-inference",
            "encryption_configuration": [
              {
                "encryption_type": "AES256",
                "kms_key": ""
              }
            ],
            "force_delete": null,
            "id": "chatgptdetector-inference",
            "image_scanning_configuration": [
              {
                "scan_on_push": false
              }
            ],
            "image_tag_mutability": "MUTABLE",
            "name": "chatgptdetector-inference",
            "registry_id": "373770620841",
            "repository_url": "373770620841.dkr.ecr.ap-southeast-2.amazonaws.com/chatgptdetector-inference",
            "tags": {},
            "tags_all": {},
            "timeouts": null
          },
          "sensitive_attributes": [],
          "private": "eyJlMmJmYjczMC1lY2FhLTExZTYtOGY4OC0zNDM2M2JjN2M0YzAiOnsiZGVsZXRlIjoxMjAwMDAwMDAwMDAwfSwic2NoZW1hX3ZlcnNpb24iOiIwIn0="
        }
      ]
    },
    {
      "mode": "managed",
      "type": "aws_ecr_repository",
      "name": "chatgptdetector_model",
      "provider": "provider[\"registry.terraform.io/hashicorp/aws\"]",
      "instances": [
        {
          "schema_version": 0,
          "attributes": {
            "arn": "arn:aws:ecr:ap-southeast-2:373770620841:repository/chatgptdetector-model",
            "encryption_configuration": [
              {
                "encryption_type": "AES256",
                "kms_key": ""
              }
            ],
            "force_delete": null,
            "id": "chatgptdetector-model",
            "image_scanning_configuration": [
              {
                "scan_on_push": false
              }
            ],
            "image_tag_mutability": "MUTABLE",
            "name": "chatgptdetector-model",
            "registry_id": "373770620841",
            "repository_url": "373770620841.dkr.ecr.ap-southeast-2.amazonaws.com/chatgptdetector-model",
            "tags": {},
            "tags_all": {},
            "timeouts": null
          },
          "sensitive_attributes": [],
          "private": "eyJlMmJmYjczMC1lY2FhLTExZTYtOGY4OC0zNDM2M2JjN2M0YzAiOnsiZGVsZXRlIjoxMjAwMDAwMDAwMDAwfSwic2NoZW1hX3ZlcnNpb24iOiIwIn0="
        }
      ]
    },
    {
      "mode": "managed",
      "type": "aws_iam_policy",
      "name": "sagemaker_deployment_policy",
      "provider": "provider[\"registry.terraform.io/hashicorp/aws\"]",
      "instances": [
        {
          "schema_version": 0,
          "attributes": {
            "arn": "arn:aws:iam::373770620841:policy/SM_EndpointDeployment",
            "description": "",
            "id": "arn:aws:iam::373770620841:policy/SM_EndpointDeployment",
            "name": "SM_EndpointDeployment",
            "name_prefix": "",
            "path": "/",
            "policy": "{\"Statement\":[{\"Action\":[\"sagemaker:UpdateEndpointWeightsAndCapacities\",\"sagemaker:UpdateEndpoint\",\"sagemaker:DescribeEndpointConfig\",\"sagemaker:DescribeEndpoint\",\"sagemaker:DeleteEndpointConfig\",\"sagemaker:DeleteEndpoint\",\"sagemaker:CreateEndpointConfig\",\"sagemaker:CreateEndpoint\"],\"Effect\":\"Allow\",\"Resource\":\"arn:aws:sagemaker:*:*:*/*\"},{\"Action\":[\"sagemaker:ListEndpoints\",\"sagemaker:ListEndpointConfigs\"],\"Effect\":\"Allow\",\"Resource\":\"*\"}],\"Version\":\"2012-10-17\"}",
            "policy_id": "ANPAVOBTXB6U7VWZE3Z4W",
            "tags": {},
            "tags_all": {}
          },
          "sensitive_attributes": [],
          "private": "bnVsbA==",
          "dependencies": [
            "data.aws_iam_policy_document.sagemaker_deployment_policy"
          ]
        }
      ]
    },
    {
      "mode": "managed",
      "type": "aws_iam_policy",
      "name": "sagemaker_model_management_policy",
      "provider": "provider[\"registry.terraform.io/hashicorp/aws\"]",
      "instances": [
        {
          "schema_version": 0,
          "attributes": {
            "arn": "arn:aws:iam::373770620841:policy/SM_ModelManagement",
            "description": "",
            "id": "arn:aws:iam::373770620841:policy/SM_ModelManagement",
            "name": "SM_ModelManagement",
            "name_prefix": "",
            "path": "/",
            "policy": "{\"Statement\":[{\"Action\":[\"sagemaker:UpdateModelPackage\",\"sagemaker:DescribeModelPackageGroup\",\"sagemaker:DescribeModelPackage\",\"sagemaker:DescribeModel\",\"sagemaker:DeleteModelPackageGroup\",\"sagemaker:DeleteModelPackage\",\"sagemaker:DeleteModel\",\"sagemaker:CreateModelPackageGroup\",\"sagemaker:CreateModelPackage\",\"sagemaker:CreateModel\",\"sagemaker:BatchDescribeModelPackage\"],\"Effect\":\"Allow\",\"Resource\":\"arn:aws:sagemaker:*:*:*/*\"},{\"Action\":[\"sagemaker:ListModels\",\"sagemaker:ListModelPackages\",\"sagemaker:ListModelPackageGroups\"],\"Effect\":\"Allow\",\"Resource\":\"*\"},{\"Action\":\"iam:PassRole\",\"Condition\":{\"StringEquals\":{\"iam:PassedToService\":\"sagemaker.amazonaws.com\"}},\"Effect\":\"Allow\",\"Resource\":\"arn:aws:iam::373770620841:role/SageMaker-MLOsEngineer\"}],\"Version\":\"2012-10-17\"}",
            "policy_id": "ANPAVOBTXB6UUWCSKNDE4",
            "tags": {},
            "tags_all": {}
          },
          "sensitive_attributes": [],
          "private": "bnVsbA==",
          "dependencies": [
            "data.aws_iam_policy_document.sagemaker_model_management_policy"
          ]
        }
      ]
    },
    {
      "mode": "managed",
      "type": "aws_iam_policy",
      "name": "sagemaker_pipeline_management_policy",
      "provider": "provider[\"registry.terraform.io/hashicorp/aws\"]",
      "instances": [
        {
          "schema_version": 0,
          "attributes": {
            "arn": "arn:aws:iam::373770620841:policy/SM_PipelineManagement",
            "description": "",
            "id": "arn:aws:iam::373770620841:policy/SM_PipelineManagement",
            "name": "SM_PipelineManagement",
            "name_prefix": "",
            "path": "/",
            "policy": "{\"Statement\":[{\"Action\":[\"sagemaker:UpdatePipelineExecution\",\"sagemaker:StopPipelineExecution\",\"sagemaker:StartPipelineExecution\",\"sagemaker:SendPipelineExecutionStepSuccess\",\"sagemaker:SendPipelineExecutionStepFailure\",\"sagemaker:RetryPipelineExecution\",\"sagemaker:DescribePipelineExecution\",\"sagemaker:DescribePipelineDefinitionForExecution\",\"sagemaker:DescribePipeline\",\"sagemaker:DeletePipeline\",\"sagemaker:CreatePipeline\"],\"Effect\":\"Allow\",\"Resource\":\"arn:aws:sagemaker:*:*:*/*\"},{\"Action\":[\"sagemaker:ListPipelines\",\"sagemaker:ListPipelineParametersForExecution\",\"sagemaker:ListPipelineExecutions\",\"sagemaker:ListPipelineExecutionSteps\"],\"Effect\":\"Allow\",\"Resource\":\"*\"},{\"Action\":\"iam:PassRole\",\"Condition\":{\"StringEquals\":{\"iam:PassedToService\":\"sagemaker.amazonaws.com\"}},\"Effect\":\"Allow\",\"Resource\":\"arn:aws:iam::373770620841:role/SageMaker-MLOsEngineer\"}],\"Version\":\"2012-10-17\"}",
            "policy_id": "ANPAVOBTXB6UUKCLM763J",
            "tags": {},
            "tags_all": {}
          },
          "sensitive_attributes": [],
          "private": "bnVsbA==",
          "dependencies": [
            "data.aws_iam_policy_document.sagemaker_pipeline_management_policy"
          ]
        }
      ]
    },
    {
      "mode": "managed",
      "type": "aws_iam_policy",
      "name": "sagemaker_visualization_policy",
      "provider": "provider[\"registry.terraform.io/hashicorp/aws\"]",
      "instances": [
        {
          "schema_version": 0,
          "attributes": {
            "arn": "arn:aws:iam::373770620841:policy/SM_ExperimentsVisualization",
            "description": "",
            "id": "arn:aws:iam::373770620841:policy/SM_ExperimentsVisualization",
            "name": "SM_ExperimentsVisualization",
            "name_prefix": "",
            "path": "/",
            "policy": "{\"Statement\":[{\"Action\":[\"sagemaker:DescribeTrialComponent\",\"sagemaker:DescribeTrial\",\"sagemaker:DescribeLineageGroup\",\"sagemaker:DescribeExperiment\",\"sagemaker:DescribeContext\",\"sagemaker:DescribeArtifact\",\"sagemaker:DescribeAction\"],\"Effect\":\"Allow\",\"Resource\":\"arn:aws:sagemaker:*:*:*/*\"},{\"Action\":[\"sagemaker:Search\",\"sagemaker:QueryLineage\",\"sagemaker:ListTrials\",\"sagemaker:ListTrialComponents\",\"sagemaker:ListLineageGroups\",\"sagemaker:ListExperiments\",\"sagemaker:ListContexts\",\"sagemaker:ListAssociations\",\"sagemaker:ListArtifacts\",\"sagemaker:ListActions\",\"sagemaker:GetSearchSuggestions\",\"sagemaker:GetLineageGroupPolicy\"],\"Effect\":\"Allow\",\"Resource\":\"*\"}],\"Version\":\"2012-10-17\"}",
            "policy_id": "ANPAVOBTXB6UWVUFCQC4O",
            "tags": {},
            "tags_all": {}
          },
          "sensitive_attributes": [],
          "private": "bnVsbA==",
          "dependencies": [
            "data.aws_iam_policy_document.sagemaker_visualization_policy"
          ]
        }
      ]
    },
    {
      "mode": "managed",
      "type": "aws_iam_role",
      "name": "sagemaker_mlos_engineer",
      "provider": "provider[\"registry.terraform.io/hashicorp/aws\"]",
      "instances": [
        {
          "schema_version": 0,
          "attributes": {
            "arn": "arn:aws:iam::373770620841:role/SageMaker-MLOsEngineer",
            "assume_role_policy": "{\"Statement\":[{\"Action\":\"sts:AssumeRole\",\"Effect\":\"Allow\",\"Principal\":{\"Service\":\"sagemaker.amazonaws.com\"}}],\"Version\":\"2012-10-17\"}",
            "create_date": "2023-07-22T04:19:55Z",
            "description": "",
            "force_detach_policies": false,
            "id": "SageMaker-MLOsEngineer",
            "inline_policy": [],
            "managed_policy_arns": [
              "arn:aws:iam::373770620841:policy/SM_EndpointDeployment",
              "arn:aws:iam::373770620841:policy/SM_ExperimentsVisualization",
              "arn:aws:iam::373770620841:policy/SM_ModelManagement",
              "arn:aws:iam::373770620841:policy/SM_PipelineManagement",
              "arn:aws:iam::aws:policy/AmazonS3FullAccess",
              "arn:aws:iam::aws:policy/AmazonSageMakerFullAccess",
              "arn:aws:iam::aws:policy/CloudWatchFullAccess",
              "arn:aws:iam::aws:policy/EC2InstanceProfileForImageBuilderECRContainerBuilds",
              "arn:aws:iam::aws:policy/IAMFullAccess"
            ],
            "max_session_duration": 3600,
            "name": "SageMaker-MLOsEngineer",
            "name_prefix": "",
            "path": "/",
            "permissions_boundary": null,
            "tags": {},
            "tags_all": {},
            "unique_id": "AROAVOBTXB6UWSD5UYLGZ"
          },
          "sensitive_attributes": [],
          "private": "bnVsbA=="
        }
      ]
    },
    {
      "mode": "managed",
      "type": "aws_iam_role_policy_attachment",
      "name": "cloudwatch_full_access",
      "provider": "provider[\"registry.terraform.io/hashicorp/aws\"]",
      "instances": [
        {
          "schema_version": 0,
          "attributes": {
            "id": "SageMaker-MLOsEngineer-20230722051529154600000002",
            "policy_arn": "arn:aws:iam::aws:policy/CloudWatchFullAccess",
            "role": "SageMaker-MLOsEngineer"
          },
          "sensitive_attributes": [],
          "private": "bnVsbA==",
          "dependencies": [
            "aws_iam_role.sagemaker_mlos_engineer"
          ]
        }
      ]
    },
    {
      "mode": "managed",
      "type": "aws_iam_role_policy_attachment",
      "name": "ec2_full_access",
      "provider": "provider[\"registry.terraform.io/hashicorp/aws\"]",
      "instances": [
        {
          "schema_version": 0,
          "attributes": {
            "id": "SageMaker-MLOsEngineer-20230722051529108800000001",
            "policy_arn": "arn:aws:iam::aws:policy/EC2InstanceProfileForImageBuilderECRContainerBuilds",
            "role": "SageMaker-MLOsEngineer"
          },
          "sensitive_attributes": [],
          "private": "bnVsbA==",
          "dependencies": [
            "aws_iam_role.sagemaker_mlos_engineer"
          ]
        }
      ]
    },
    {
      "mode": "managed",
      "type": "aws_iam_role_policy_attachment",
      "name": "iam_full_access",
      "provider": "provider[\"registry.terraform.io/hashicorp/aws\"]",
      "instances": [
        {
          "schema_version": 0,
          "attributes": {
            "id": "SageMaker-MLOsEngineer-20230722051529171300000004",
            "policy_arn": "arn:aws:iam::aws:policy/IAMFullAccess",
            "role": "SageMaker-MLOsEngineer"
          },
          "sensitive_attributes": [],
          "private": "bnVsbA==",
          "dependencies": [
            "aws_iam_role.sagemaker_mlos_engineer"
          ]
        }
      ]
    },
    {
      "mode": "managed",
      "type": "aws_iam_role_policy_attachment",
      "name": "s3_full_access",
      "provider": "provider[\"registry.terraform.io/hashicorp/aws\"]",
      "instances": [
        {
          "schema_version": 0,
          "attributes": {
            "id": "SageMaker-MLOsEngineer-20230722051529157400000003",
            "policy_arn": "arn:aws:iam::aws:policy/AmazonS3FullAccess",
            "role": "SageMaker-MLOsEngineer"
          },
          "sensitive_attributes": [],
          "private": "bnVsbA==",
          "dependencies": [
            "aws_iam_role.sagemaker_mlos_engineer"
          ]
        }
      ]
    },
    {
      "mode": "managed",
      "type": "aws_iam_role_policy_attachment",
      "name": "sagemaker_deployment_attachment",
      "provider": "provider[\"registry.terraform.io/hashicorp/aws\"]",
      "instances": [
        {
          "schema_version": 0,
          "attributes": {
            "id": "SageMaker-MLOsEngineer-20230722044321685000000004",
            "policy_arn": "arn:aws:iam::373770620841:policy/SM_EndpointDeployment",
            "role": "SageMaker-MLOsEngineer"
          },
          "sensitive_attributes": [],
          "private": "bnVsbA==",
          "dependencies": [
            "aws_iam_policy.sagemaker_deployment_policy",
            "aws_iam_role.sagemaker_mlos_engineer",
            "data.aws_iam_policy_document.sagemaker_deployment_policy"
          ]
        }
      ]
    },
    {
      "mode": "managed",
      "type": "aws_iam_role_policy_attachment",
      "name": "sagemaker_full_access",
      "provider": "provider[\"registry.terraform.io/hashicorp/aws\"]",
      "instances": [
        {
          "schema_version": 0,
          "attributes": {
            "id": "SageMaker-MLOsEngineer-20230722050755432600000001",
            "policy_arn": "arn:aws:iam::aws:policy/AmazonSageMakerFullAccess",
            "role": "SageMaker-MLOsEngineer"
          },
          "sensitive_attributes": [],
          "private": "bnVsbA==",
          "dependencies": [
            "aws_iam_role.sagemaker_mlos_engineer"
          ]
        }
      ]
    },
    {
      "mode": "managed",
      "type": "aws_iam_role_policy_attachment",
      "name": "sagemaker_model_management_attachment",
      "provider": "provider[\"registry.terraform.io/hashicorp/aws\"]",
      "instances": [
        {
          "schema_version": 0,
          "attributes": {
            "id": "SageMaker-MLOsEngineer-20230722044321619300000001",
            "policy_arn": "arn:aws:iam::373770620841:policy/SM_ModelManagement",
            "role": "SageMaker-MLOsEngineer"
          },
          "sensitive_attributes": [],
          "private": "bnVsbA==",
          "dependencies": [
            "aws_iam_policy.sagemaker_model_management_policy",
            "aws_iam_role.sagemaker_mlos_engineer",
            "data.aws_iam_policy_document.sagemaker_model_management_policy"
          ]
        }
      ]
    },
    {
      "mode": "managed",
      "type": "aws_iam_role_policy_attachment",
      "name": "sagemaker_pipeline_management_attachment",
      "provider": "provider[\"registry.terraform.io/hashicorp/aws\"]",
      "instances": [
        {
          "schema_version": 0,
          "attributes": {
            "id": "SageMaker-MLOsEngineer-20230722044321627500000002",
            "policy_arn": "arn:aws:iam::373770620841:policy/SM_PipelineManagement",
            "role": "SageMaker-MLOsEngineer"
          },
          "sensitive_attributes": [],
          "private": "bnVsbA==",
          "dependencies": [
            "aws_iam_policy.sagemaker_pipeline_management_policy",
            "aws_iam_role.sagemaker_mlos_engineer",
            "data.aws_iam_policy_document.sagemaker_pipeline_management_policy"
          ]
        }
      ]
    },
    {
      "mode": "managed",
      "type": "aws_iam_role_policy_attachment",
      "name": "sagemaker_visualization_attachment",
      "provider": "provider[\"registry.terraform.io/hashicorp/aws\"]",
      "instances": [
        {
          "schema_version": 0,
          "attributes": {
            "id": "SageMaker-MLOsEngineer-20230722044321677300000003",
            "policy_arn": "arn:aws:iam::373770620841:policy/SM_ExperimentsVisualization",
            "role": "SageMaker-MLOsEngineer"
          },
          "sensitive_attributes": [],
          "private": "bnVsbA==",
          "dependencies": [
            "aws_iam_policy.sagemaker_visualization_policy",
            "aws_iam_role.sagemaker_mlos_engineer",
            "data.aws_iam_policy_document.sagemaker_visualization_policy"
          ]
        }
      ]
    },
    {
      "mode": "managed",
      "type": "aws_s3_bucket",
      "name": "chatgptdetector",
      "provider": "provider[\"registry.terraform.io/hashicorp/aws\"]",
      "instances": [
        {
          "schema_version": 0,
          "attributes": {
            "acceleration_status": "",
            "acl": "private",
            "arn": "arn:aws:s3:::chatgptdetector",
            "bucket": "chatgptdetector",
            "bucket_domain_name": "chatgptdetector.s3.amazonaws.com",
            "bucket_prefix": "",
            "bucket_regional_domain_name": "chatgptdetector.s3.ap-southeast-2.amazonaws.com",
            "cors_rule": [],
            "force_destroy": false,
            "grant": [
              {
                "id": "9a5915e9514c78c2918cb6802b4de0ab524407099575b50d0b8a252e7f12ee5e",
                "permissions": [
                  "FULL_CONTROL"
                ],
                "type": "CanonicalUser",
                "uri": ""
              }
            ],
            "hosted_zone_id": "Z1WCIGYICN2BYD",
            "id": "chatgptdetector",
            "lifecycle_rule": [],
            "logging": [],
            "object_lock_configuration": [],
            "object_lock_enabled": false,
            "policy": "",
            "region": "ap-southeast-2",
            "replication_configuration": [],
            "request_payer": "BucketOwner",
            "server_side_encryption_configuration": [
              {
                "rule": [
                  {
                    "apply_server_side_encryption_by_default": [
                      {
                        "kms_master_key_id": "",
                        "sse_algorithm": "AES256"
                      }
                    ],
                    "bucket_key_enabled": true
                  }
                ]
              }
            ],
            "tags": {},
            "tags_all": {},
            "timeouts": null,
            "versioning": [
              {
                "enabled": false,
                "mfa_delete": false
              }
            ],
            "website": [],
            "website_domain": null,
            "website_endpoint": null
          },
          "sensitive_attributes": [],
          "private": "eyJlMmJmYjczMC1lY2FhLTExZTYtOGY4OC0zNDM2M2JjN2M0YzAiOnsiY3JlYXRlIjoxMjAwMDAwMDAwMDAwLCJkZWxldGUiOjM2MDAwMDAwMDAwMDAsInJlYWQiOjEyMDAwMDAwMDAwMDAsInVwZGF0ZSI6MTIwMDAwMDAwMDAwMH19"
        }
      ]
    },
    {
      "mode": "managed",
      "type": "aws_sagemaker_endpoint",
      "name": "chatgptdetector",
      "provider": "provider[\"registry.terraform.io/hashicorp/aws\"]",
      "instances": [
        {
          "schema_version": 0,
          "attributes": {
            "arn": "arn:aws:sagemaker:ap-southeast-2:373770620841:endpoint/chatgptdetector-endpoint",
            "deployment_config": [],
            "endpoint_config_name": "chatgptdetector-endpoint-config",
            "id": "chatgptdetector-endpoint",
            "name": "chatgptdetector-endpoint",
            "tags": null,
            "tags_all": {}
          },
          "sensitive_attributes": [],
          "private": "bnVsbA==",
          "dependencies": [
            "aws_sagemaker_endpoint_configuration.chatgptdetector"
          ]
        }
      ]
    },
    {
      "mode": "managed",
      "type": "aws_sagemaker_endpoint_configuration",
      "name": "chatgptdetector",
      "provider": "provider[\"registry.terraform.io/hashicorp/aws\"]",
      "instances": [
        {
          "schema_version": 0,
          "attributes": {
            "arn": "arn:aws:sagemaker:ap-southeast-2:373770620841:endpoint-config/chatgptdetector-endpoint-config",
            "async_inference_config": [],
            "data_capture_config": [],
            "id": "chatgptdetector-endpoint-config",
            "kms_key_arn": "",
            "name": "chatgptdetector-endpoint-config",
            "name_prefix": "",
            "production_variants": [
              {
                "accelerator_type": "",
                "container_startup_health_check_timeout_in_seconds": 0,
                "core_dump_config": [],
                "enable_ssm_access": false,
                "initial_instance_count": 1,
                "initial_variant_weight": 1,
                "instance_type": "ml.m4.xlarge",
                "model_data_download_timeout_in_seconds": 0,
                "model_name": "chatgptdetector",
                "serverless_config": [],
                "variant_name": "AllTraffic",
                "volume_size_in_gb": 0
              }
            ],
            "shadow_production_variants": [],
            "tags": {},
            "tags_all": {}
          },
          "sensitive_attributes": [],
          "private": "bnVsbA==",
          "dependencies": [
            "aws_sagemaker_model.chatgptdetector"
          ]
        }
      ]
    },
    {
      "mode": "managed",
      "type": "aws_sagemaker_model",
      "name": "chatgptdetector",
      "provider": "provider[\"registry.terraform.io/hashicorp/aws\"]",
      "instances": [
        {
          "schema_version": 0,
          "attributes": {
            "arn": "arn:aws:sagemaker:ap-southeast-2:373770620841:model/chatgptdetector",
            "container": [],
            "enable_network_isolation": false,
            "execution_role_arn": "arn:aws:iam::373770620841:role/SageMaker-MLOsEngineer",
            "id": "chatgptdetector",
            "inference_execution_config": [],
            "name": "chatgptdetector",
            "primary_container": [
              {
                "container_hostname": "chatgptdetector",
                "environment": {},
                "image": "373770620841.dkr.ecr.ap-southeast-2.amazonaws.com/chatgptdetector-inference:chatgptdetector_image",
                "image_config": [],
                "mode": "SingleModel",
                "model_data_url": "s3://chatgptdetector/chatgptdetector/latest/model/model.tar.gz",
                "model_package_name": ""
              }
            ],
            "tags": {},
            "tags_all": {},
            "vpc_config": []
          },
          "sensitive_attributes": [],
          "private": "bnVsbA=="
        }
      ]
    }
  ],
  "check_results": null
}
